{
    "_readme": [
        "This file locks the dependencies of your project to a known state",
        "Read more about it at http://getcomposer.org/doc/01-basic-usage.md#composer-lock-the-lock-file"
    ],
    "hash": "5e6236db7959dfdb8f5313b61891ca77",
    "packages": [
        {
            "name": "publicmediaplatform/phpsdk",
            "version": "dev-composer",
            "source": {
                "type": "git",
                "url": "https://github.com/APMG/phpsdk.git",
                "reference": "b722b0f276a554b790637c0d2132cdd17e2ae2ea"
            },
            "dist": {
                "type": "zip",
                "url": "https://api.github.com/repos/APMG/phpsdk/zipball/b722b0f276a554b790637c0d2132cdd17e2ae2ea",
                "reference": "b722b0f276a554b790637c0d2132cdd17e2ae2ea",
                "shasum": ""
            },
            "type": "library",
            "autoload": {
                "psr-4": {
                    "Pmp\\": "lib/Pmp/"
                },
                "classmap": [
                    "lib/restagent"
                ]
            },
            "license": [
                "MIT"
            ],
            "description": "This is a core SDK for Public Media Platform for PHP.",
            "support": {
                "source": "https://github.com/APMG/phpsdk/tree/composer"
            },
            "time": "2014-10-15 17:37:44"
        }
    ],
    "packages-dev": [],
    "aliases": [],
    "minimum-stability": "stable",
    "stability-flags": {
        "publicmediaplatform/phpsdk": 20
    },
    "platform": [],
    "platform-dev": []
}
