{
    "_readme": [
        "This file locks the dependencies of your project to a known state",
        "Read more about it at http://getcomposer.org/doc/01-basic-usage.md#composer-lock-the-lock-file"
    ],
    "hash": "417d23824bb62d03f373d1fd98da832c",
    "packages": [
        {
            "name": "publicmediaplatform/phpsdk",
            "version": "dev-master",
            "source": {
                "type": "git",
                "url": "https://github.com/publicmediaplatform/phpsdk.git",
                "reference": "7e5f544fdd9714f2b03f66e7ea9f3ef3ccace629"
            },
            "dist": {
                "type": "zip",
                "url": "https://api.github.com/repos/publicmediaplatform/phpsdk/zipball/7e5f544fdd9714f2b03f66e7ea9f3ef3ccace629",
                "reference": "7e5f544fdd9714f2b03f66e7ea9f3ef3ccace629",
                "shasum": ""
            },
            "type": "library",
            "autoload": {
                "psr-4": {
                    "Pmp\\": "lib/Pmp/"
                },
                "classmap": [
                    "lib/restagent"
                ]
            },
            "license": [
                "MIT"
            ],
            "description": "This is a core SDK for Public Media Platform for PHP.",
            "support": {
                "source": "https://github.com/publicmediaplatform/phpsdk/tree/master",
                "issues": "https://github.com/publicmediaplatform/phpsdk/issues"
            },
            "time": "2014-10-15 17:59:51"
        }
    ],
    "packages-dev": [],
    "aliases": [],
    "minimum-stability": "stable",
    "stability-flags": {
        "publicmediaplatform/phpsdk": 20
    },
    "platform": [],
    "platform-dev": []
}
